Microsoft Visual Studio Solution File, Format Version 12.00
# Visual Studio Version 17
VisualStudioVersion = 17.5.2.0
MinimumVisualStudioVersion = 10.0.40219.1
Project("{FAE04EC0-301F-11D3-BF4B-00C04F79EFBC}") = "APIIndicadores", "APIIndicadores\APIIndicadores.csproj", "{61EE77CF-665A-02D5-DEEA-D1FF642D2B16}"
EndProject
Global
	GlobalSection(SolutionConfigurationPlatforms) = preSolution
		Debug|Any CPU = Debug|Any CPU
		Release|Any CPU = Release|Any CPU
	EndGlobalSection
	GlobalSection(ProjectConfigurationPlatforms) = postSolution
		{61EE77CF-665A-02D5-DEEA-D1FF642D2B16}.Debug|Any CPU.ActiveCfg = Debug|Any CPU
		{61EE77CF-665A-02D5-DEEA-D1FF642D2B16}.Debug|Any CPU.Build.0 = Debug|Any CPU
		{61EE77CF-665A-02D5-DEEA-D1FF642D2B16}.Release|Any CPU.ActiveCfg = Release|Any CPU
		{61EE77CF-665A-02D5-DEEA-D1FF642D2B16}.Release|Any CPU.Build.0 = Release|Any CPU
	EndGlobalSection
	GlobalSection(SolutionProperties) = preSolution
		HideSolutionNode = FALSE
	EndGlobalSection
	GlobalSection(ExtensibilityGlobals) = postSolution
		SolutionGuid = {6E3A20EA-119E-487B-839F-9320846E53A9}
	EndGlobalSection
EndGlobal
